// !$*UTF8*$!
{
	archiveVersion = 1;
	classes = {
	};
	objectVersion = 46;
	objects = {

/* Begin PBXBuildFile section */
		966E15171650E2D6006B7997 /* UIKit.framework in Frameworks */ = {isa = PBXBuildFile; fileRef = 966E15161650E2D6006B7997 /* UIKit.framework */; };
		966E15191650E2D6006B7997 /* Foundation.framework in Frameworks */ = {isa = PBXBuildFile; fileRef = 966E15181650E2D6006B7997 /* Foundation.framework */; };
		966E151B1650E2D6006B7997 /* CoreGraphics.framework in Frameworks */ = {isa = PBXBuildFile; fileRef = 966E151A1650E2D6006B7997 /* CoreGraphics.framework */; };
		966E15211650E2D6006B7997 /* InfoPlist.strings in Resources */ = {isa = PBXBuildFile; fileRef = 966E151F1650E2D6006B7997 /* InfoPlist.strings */; };
		966E15231650E2D6006B7997 /* main.m in Sources */ = {isa = PBXBuildFile; fileRef = 966E15221650E2D6006B7997 /* main.m */; };
		966E15271650E2D6006B7997 /* AppDelegate.m in Sources */ = {isa = PBXBuildFile; fileRef = 966E15261650E2D6006B7997 /* AppDelegate.m */; };
		966E152F1650E2D6006B7997 /* SenTestingKit.framework in Frameworks */ = {isa = PBXBuildFile; fileRef = 966E152E1650E2D6006B7997 /* SenTestingKit.framework */; };
		966E15301650E2D6006B7997 /* UIKit.framework in Frameworks */ = {isa = PBXBuildFile; fileRef = 966E15161650E2D6006B7997 /* UIKit.framework */; };
		966E15311650E2D6006B7997 /* Foundation.framework in Frameworks */ = {isa = PBXBuildFile; fileRef = 966E15181650E2D6006B7997 /* Foundation.framework */; };
		966E15391650E2D6006B7997 /* InfoPlist.strings in Resources */ = {isa = PBXBuildFile; fileRef = 966E15371650E2D6006B7997 /* InfoPlist.strings */; };
		966E153C1650E2D6006B7997 /* CoreaAnimationTestTests.m in Sources */ = {isa = PBXBuildFile; fileRef = 966E153B1650E2D6006B7997 /* CoreaAnimationTestTests.m */; };
/* End PBXBuildFile section */

/* Begin PBXContainerItemProxy section */
		966E15321650E2D6006B7997 /* PBXContainerItemProxy */ = {
			isa = PBXContainerItemProxy;
			containerPortal = 966E15091650E2D6006B7997 /* Project object */;
			proxyType = 1;
			remoteGlobalIDString = 966E15111650E2D6006B7997;
			remoteInfo = CoreaAnimationTest;
		};
/* End PBXContainerItemProxy section */

/* Begin PBXFileReference section */
		966E15121650E2D6006B7997 /* CoreaAnimationTest.app */ = {isa = PBXFileReference; explicitFileType = wrapper.application; includeInIndex = 0; path = CoreaAnimationTest.app; sourceTree = BUILT_PRODUCTS_DIR; };
		966E15161650E2D6006B7997 /* UIKit.framework */ = {isa = PBXFileReference; lastKnownFileType = wrapper.framework; name = UIKit.framework; path = System/Library/Frameworks/UIKit.framework; sourceTree = SDKROOT; };
		966E15181650E2D6006B7997 /* Foundation.framework */ = {isa = PBXFileReference; lastKnownFileType = wrapper.framework; name = Foundation.framework; path = System/Library/Frameworks/Foundation.framework; sourceTree = SDKROOT; };
		966E151A1650E2D6006B7997 /* CoreGraphics.framework */ = {isa = PBXFileReference; lastKnownFileType = wrapper.framework; name = CoreGraphics.framework; path = System/Library/Frameworks/CoreGraphics.framework; sourceTree = SDKROOT; };
		966E151E1650E2D6006B7997 /* CoreaAnimationTest-Info.plist */ = {isa = PBXFileReference; lastKnownFileType = text.plist.xml; path = "CoreaAnimationTest-Info.plist"; sourceTree = "<group>"; };
		966E15201650E2D6006B7997 /* en */ = {isa = PBXFileReference; lastKnownFileType = text.plist.strings; name = en; path = en.lproj/InfoPlist.strings; sourceTree = "<group>"; };
		966E15221650E2D6006B7997 /* main.m */ = {isa = PBXFileReference; lastKnownFileType = sourcecode.c.objc; path = main.m; sourceTree = "<group>"; };
		966E15241650E2D6006B7997 /* CoreaAnimationTest-Prefix.pch */ = {isa = PBXFileReference; lastKnownFileType = sourcecode.c.h; path = "CoreaAnimationTest-Prefix.pch"; sourceTree = "<group>"; };
		966E15251650E2D6006B7997 /* AppDelegate.h */ = {isa = PBXFileReference; lastKnownFileType = sourcecode.c.h; path = AppDelegate.h; sourceTree = "<group>"; };
		966E15261650E2D6006B7997 /* AppDelegate.m */ = {isa = PBXFileReference; lastKnownFileType = sourcecode.c.objc; path = AppDelegate.m; sourceTree = "<group>"; };
		966E152D1650E2D6006B7997 /* CoreaAnimationTestTests.octest */ = {isa = PBXFileReference; explicitFileType = wrapper.cfbundle; includeInIndex = 0; path = CoreaAnimationTestTests.octest; sourceTree = BUILT_PRODUCTS_DIR; };
		966E152E1650E2D6006B7997 /* SenTestingKit.framework */ = {isa = PBXFileReference; lastKnownFileType = wrapper.framework; name = SenTestingKit.framework; path = Library/Frameworks/SenTestingKit.framework; sourceTree = DEVELOPER_DIR; };
		966E15361650E2D6006B7997 /* CoreaAnimationTestTests-Info.plist */ = {isa = PBXFileReference; lastKnownFileType = text.plist.xml; path = "CoreaAnimationTestTests-Info.plist"; sourceTree = "<group>"; };
		966E15381650E2D6006B7997 /* en */ = {isa = PBXFileReference; lastKnownFileType = text.plist.strings; name = en; path = en.lproj/InfoPlist.strings; sourceTree = "<group>"; };
		966E153A1650E2D6006B7997 /* CoreaAnimationTestTests.h */ = {isa = PBXFileReference; lastKnownFileType = sourcecode.c.h; path = CoreaAnimationTestTests.h; sourceTree = "<group>"; };
		966E153B1650E2D6006B7997 /* CoreaAnimationTestTests.m */ = {isa = PBXFileReference; lastKnownFileType = sourcecode.c.objc; path = CoreaAnimationTestTests.m; sourceTree = "<group>"; };
/* End PBXFileReference section */

/* Begin PBXFrameworksBuildPhase section */
		966E150F1650E2D6006B7997 /* Frameworks */ = {
			isa = PBXFrameworksBuildPhase;
			buildActionMask = 2147483647;
			files = (
				966E15171650E2D6006B7997 /* UIKit.framework in Frameworks */,
				966E15191650E2D6006B7997 /* Foundation.framework in Frameworks */,
				966E151B1650E2D6006B7997 /* CoreGraphics.framework in Frameworks */,
			);
			runOnlyForDeploymentPostprocessing = 0;
		};
		966E15291650E2D6006B7997 /* Frameworks */ = {
			isa = PBXFrameworksBuildPhase;
			buildActionMask = 2147483647;
			files = (
				966E152F1650E2D6006B7997 /* SenTestingKit.framework in Frameworks */,
				966E15301650E2D6006B7997 /* UIKit.framework in Frameworks */,
				966E15311650E2D6006B7997 /* Foundation.framework in Frameworks */,
			);
			runOnlyForDeploymentPostprocessing = 0;
		};
/* End PBXFrameworksBuildPhase section */

/* Begin PBXGroup section */
		966E15071650E2D6006B7997 = {
			isa = PBXGroup;
			children = (
				966E151C1650E2D6006B7997 /* CoreaAnimationTest */,
				966E15341650E2D6006B7997 /* CoreaAnimationTestTests */,
				966E15151650E2D6006B7997 /* Frameworks */,
				966E15131650E2D6006B7997 /* Products */,
			);
			sourceTree = "<group>";
		};
		966E15131650E2D6006B7997 /* Products */ = {
			isa = PBXGroup;
			children = (
				966E15121650E2D6006B7997 /* CoreaAnimationTest.app */,
				966E152D1650E2D6006B7997 /* CoreaAnimationTestTests.octest */,
			);
			name = Products;
			sourceTree = "<group>";
		};
		966E15151650E2D6006B7997 /* Frameworks */ = {
			isa = PBXGroup;
			children = (
				966E15161650E2D6006B7997 /* UIKit.framework */,
				966E15181650E2D6006B7997 /* Foundation.framework */,
				966E151A1650E2D6006B7997 /* CoreGraphics.framework */,
				966E152E1650E2D6006B7997 /* SenTestingKit.framework */,
			);
			name = Frameworks;
			sourceTree = "<group>";
		};
		966E151C1650E2D6006B7997 /* CoreaAnimationTest */ = {
			isa = PBXGroup;
			children = (
				966E15251650E2D6006B7997 /* AppDelegate.h */,
				966E15261650E2D6006B7997 /* AppDelegate.m */,
				966E151D1650E2D6006B7997 /* Supporting Files */,
			);
			path = CoreaAnimationTest;
			sourceTree = "<group>";
		};
		966E151D1650E2D6006B7997 /* Supporting Files */ = {
			isa = PBXGroup;
			children = (
				966E151E1650E2D6006B7997 /* CoreaAnimationTest-Info.plist */,
				966E151F1650E2D6006B7997 /* InfoPlist.strings */,
				966E15221650E2D6006B7997 /* main.m */,
				966E15241650E2D6006B7997 /* CoreaAnimationTest-Prefix.pch */,
			);
			name = "Supporting Files";
			sourceTree = "<group>";
		};
		966E15341650E2D6006B7997 /* CoreaAnimationTestTests */ = {
			isa = PBXGroup;
			children = (
				966E153A1650E2D6006B7997 /* CoreaAnimationTestTests.h */,
				966E153B1650E2D6006B7997 /* CoreaAnimationTestTests.m */,
				966E15351650E2D6006B7997 /* Supporting Files */,
			);
			path = CoreaAnimationTestTests;
			sourceTree = "<group>";
		};
		966E15351650E2D6006B7997 /* Supporting Files */ = {
			isa = PBXGroup;
			children = (
				966E15361650E2D6006B7997 /* CoreaAnimationTestTests-Info.plist */,
				966E15371650E2D6006B7997 /* InfoPlist.strings */,
			);
			name = "Supporting Files";
			sourceTree = "<group>";
		};
/* End PBXGroup section */

/* Begin PBXNativeTarget section */
		966E15111650E2D6006B7997 /* CoreaAnimationTest */ = {
			isa = PBXNativeTarget;
			buildConfigurationList = 966E153F1650E2D6006B7997 /* Build configuration list for PBXNativeTarget "CoreaAnimationTest" */;
			buildPhases = (
				966E150E1650E2D6006B7997 /* Sources */,
				966E150F1650E2D6006B7997 /* Frameworks */,
				966E15101650E2D6006B7997 /* Resources */,
			);
			buildRules = (
			);
			dependencies = (
			);
			name = CoreaAnimationTest;
			productName = CoreaAnimationTest;
			productReference = 966E15121650E2D6006B7997 /* CoreaAnimationTest.app */;
			productType = "com.apple.product-type.application";
		};
		966E152C1650E2D6006B7997 /* CoreaAnimationTestTests */ = {
			isa = PBXNativeTarget;
			buildConfigurationList = 966E15421650E2D6006B7997 /* Build configuration list for PBXNativeTarget "CoreaAnimationTestTests" */;
			buildPhases = (
				966E15281650E2D6006B7997 /* Sources */,
				966E15291650E2D6006B7997 /* Frameworks */,
				966E152A1650E2D6006B7997 /* Resources */,
				966E152B1650E2D6006B7997 /* ShellScript */,
			);
			buildRules = (
			);
			dependencies = (
				966E15331650E2D6006B7997 /* PBXTargetDependency */,
			);
			name = CoreaAnimationTestTests;
			productName = CoreaAnimationTestTests;
			productReference = 966E152D1650E2D6006B7997 /* CoreaAnimationTestTests.octest */;
			productType = "com.apple.product-type.bundle";
		};
/* End PBXNativeTarget section */

/* Begin PBXProject section */
		966E15091650E2D6006B7997 /* Project object */ = {
			isa = PBXProject;
			attributes = {
				LastUpgradeCheck = 0420;
			};
			buildConfigurationList = 966E150C1650E2D6006B7997 /* Build configuration list for PBXProject "CoreaAnimationTest" */;
			compatibilityVersion = "Xcode 3.2";
			developmentRegion = English;
			hasScannedForEncodings = 0;
			knownRegions = (
				en,
			);
			mainGroup = 966E15071650E2D6006B7997;
			productRefGroup = 966E15131650E2D6006B7997 /* Products */;
			projectDirPath = "";
			projectRoot = "";
			targets = (
				966E15111650E2D6006B7997 /* CoreaAnimationTest */,
				966E152C1650E2D6006B7997 /* CoreaAnimationTestTests */,
			);
		};
/* End PBXProject section */

/* Begin PBXResourcesBuildPhase section */
		966E15101650E2D6006B7997 /* Resources */ = {
			isa = PBXResourcesBuildPhase;
			buildActionMask = 2147483647;
			files = (
				966E15211650E2D6006B7997 /* InfoPlist.strings in Resources */,
			);
			runOnlyForDeploymentPostprocessing = 0;
		};
		966E152A1650E2D6006B7997 /* Resources */ = {
			isa = PBXResourcesBuildPhase;
			buildActionMask = 2147483647;
			files = (
				966E15391650E2D6006B7997 /* InfoPlist.strings in Resources */,
			);
			runOnlyForDeploymentPostprocessing = 0;
		};
/* End PBXResourcesBuildPhase section */

/* Begin PBXShellScriptBuildPhase section */
		966E152B1650E2D6006B7997 /* ShellScript */ = {
			isa = PBXShellScriptBuildPhase;
			buildActionMask = 2147483647;
			files = (
			);
			inputPaths = (
			);
			outputPaths = (
			);
			runOnlyForDeploymentPostprocessing = 0;
			shellPath = /bin/sh;
			shellScript = "# Run the unit tests in this test bundle.\n\"${SYSTEM_DEVELOPER_DIR}/Tools/RunUnitTests\"\n";
		};
/* End PBXShellScriptBuildPhase section */

/* Begin PBXSourcesBuildPhase section */
		966E150E1650E2D6006B7997 /* Sources */ = {
			isa = PBXSourcesBuildPhase;
			buildActionMask = 2147483647;
			files = (
				966E15231650E2D6006B7997 /* main.m in Sources */,
				966E15271650E2D6006B7997 /* AppDelegate.m in Sources */,
			);
			runOnlyForDeploymentPostprocessing = 0;
		};
		966E15281650E2D6006B7997 /* Sources */ = {
			isa = PBXSourcesBuildPhase;
			buildActionMask = 2147483647;
			files = (
				966E153C1650E2D6006B7997 /* CoreaAnimationTestTests.m in Sources */,
			);
			runOnlyForDeploymentPostprocessing = 0;
		};
/* End PBXSourcesBuildPhase section */

/* Begin PBXTargetDependency section */
		966E15331650E2D6006B7997 /* PBXTargetDependency */ = {
			isa = PBXTargetDependency;
			target = 966E15111650E2D6006B7997 /* CoreaAnimationTest */;
			targetProxy = 966E15321650E2D6006B7997 /* PBXContainerItemProxy */;
		};
/* End PBXTargetDependency section */

/* Begin PBXVariantGroup section */
		966E151F1650E2D6006B7997 /* InfoPlist.strings */ = {
			isa = PBXVariantGroup;
			children = (
				966E15201650E2D6006B7997 /* en */,
			);
			name = InfoPlist.strings;
			sourceTree = "<group>";
		};
		966E15371650E2D6006B7997 /* InfoPlist.strings */ = {
			isa = PBXVariantGroup;
			children = (
				966E15381650E2D6006B7997 /* en */,
			);
			name = InfoPlist.strings;
			sourceTree = "<group>";
		};
/* End PBXVariantGroup section */

/* Begin XCBuildConfiguration section */
		966E153D1650E2D6006B7997 /* Debug */ = {
			isa = XCBuildConfiguration;
			buildSettings = {
				ALWAYS_SEARCH_USER_PATHS = NO;
				ARCHS = "$(ARCHS_STANDARD_32_BIT)";
				CLANG_ENABLE_OBJC_ARC = YES;
				"CODE_SIGN_IDENTITY[sdk=iphoneos*]" = "iPhone Developer";
				COPY_PHASE_STRIP = NO;
				GCC_C_LANGUAGE_STANDARD = gnu99;
				GCC_DYNAMIC_NO_PIC = NO;
				GCC_OPTIMIZATION_LEVEL = 0;
				GCC_PREPROCESSOR_DEFINITIONS = (
					"DEBUG=1",
					"$(inherited)",
				);
				GCC_SYMBOLS_PRIVATE_EXTERN = NO;
				GCC_VERSION = com.apple.compilers.llvm.clang.1_0;
				GCC_WARN_ABOUT_MISSING_PROTOTYPES = YES;
				GCC_WARN_ABOUT_RETURN_TYPE = YES;
				GCC_WARN_UNUSED_VARIABLE = YES;
				IPHONEOS_DEPLOYMENT_TARGET = 5.0;
				SDKROOT = iphoneos;
			};
			name = Debug;
		};
		966E153E1650E2D6006B7997 /* Release */ = {
			isa = XCBuildConfiguration;
			buildSettings = {
				ALWAYS_SEARCH_USER_PATHS = NO;
				ARCHS = "$(ARCHS_STANDARD_32_BIT)";
				CLANG_ENABLE_OBJC_ARC = YES;
				"CODE_SIGN_IDENTITY[sdk=iphoneos*]" = "iPhone Developer";
				COPY_PHASE_STRIP = YES;
				GCC_C_LANGUAGE_STANDARD = gnu99;
				GCC_VERSION = com.apple.compilers.llvm.clang.1_0;
				GCC_WARN_ABOUT_MISSING_PROTOTYPES = YES;
				GCC_WARN_ABOUT_RETURN_TYPE = YES;
				GCC_WARN_UNUSED_VARIABLE = YES;
				IPHONEOS_DEPLOYMENT_TARGET = 5.0;
				OTHER_CFLAGS = "-DNS_BLOCK_ASSERTIONS=1";
				SDKROOT = iphoneos;
				VALIDATE_PRODUCT = YES;
			};
			name = Release;
		};
		966E15401650E2D6006B7997 /* Debug */ = {
			isa = XCBuildConfiguration;
			buildSettings = {
				GCC_PRECOMPILE_PREFIX_HEADER = YES;
				GCC_PREFIX_HEADER = "CoreaAnimationTest/CoreaAnimationTest-Prefix.pch";
				INFOPLIST_FILE = "CoreaAnimationTest/CoreaAnimationTest-Info.plist";
				PRODUCT_NAME = "$(TARGET_NAME)";
				WRAPPER_EXTENSION = app;
			};
			name = Debug;
		};
		966E15411650E2D6006B7997 /* Release */ = {
			isa = XCBuildConfiguration;
			buildSettings = {
				GCC_PRECOMPILE_PREFIX_HEADER = YES;
				GCC_PREFIX_HEADER = "CoreaAnimationTest/CoreaAnimationTest-Prefix.pch";
				INFOPLIST_FILE = "CoreaAnimationTest/CoreaAnimationTest-Info.plist";
				PRODUCT_NAME = "$(TARGET_NAME)";
				WRAPPER_EXTENSION = app;
			};
			name = Release;
		};
		966E15431650E2D6006B7997 /* Debug */ = {
			isa = XCBuildConfiguration;
			buildSettings = {
				BUNDLE_LOADER = "$(BUILT_PRODUCTS_DIR)/CoreaAnimationTest.app/CoreaAnimationTest";
				FRAMEWORK_SEARCH_PATHS = (
					"$(SDKROOT)/Developer/Library/Frameworks",
					"$(DEVELOPER_LIBRARY_DIR)/Frameworks",
				);
				GCC_PRECOMPILE_PREFIX_HEADER = YES;
				GCC_PREFIX_HEADER = "CoreaAnimationTest/CoreaAnimationTest-Prefix.pch";
				INFOPLIST_FILE = "CoreaAnimationTestTests/CoreaAnimationTestTests-Info.plist";
				PRODUCT_NAME = "$(TARGET_NAME)";
				TEST_HOST = "$(BUNDLE_LOADER)";
				WRAPPER_EXTENSION = octest;
			};
			name = Debug;
		};
		966E15441650E2D6006B7997 /* Release */ = {
			isa = XCBuildConfiguration;
			buildSettings = {
				BUNDLE_LOADER = "$(BUILT_PRODUCTS_DIR)/CoreaAnimationTest.app/CoreaAnimationTest";
				FRAMEWORK_SEARCH_PATHS = (
					"$(SDKROOT)/Developer/Library/Frameworks",
					"$(DEVELOPER_LIBRARY_DIR)/Frameworks",
				);
				GCC_PRECOMPILE_PREFIX_HEADER = YES;
				GCC_PREFIX_HEADER = "CoreaAnimationTest/CoreaAnimationTest-Prefix.pch";
				INFOPLIST_FILE = "CoreaAnimationTestTests/CoreaAnimationTestTests-Info.plist";
				PRODUCT_NAME = "$(TARGET_NAME)";
				TEST_HOST = "$(BUNDLE_LOADER)";
				WRAPPER_EXTENSION = octest;
			};
			name = Release;
		};
/* End XCBuildConfiguration section */

/* Begin XCConfigurationList section */
		966E150C1650E2D6006B7997 /* Build configuration list for PBXProject "CoreaAnimationTest" */ = {
			isa = XCConfigurationList;
			buildConfigurations = (
				966E153D1650E2D6006B7997 /* Debug */,
				966E153E1650E2D6006B7997 /* Release */,
			);
			defaultConfigurationIsVisible = 0;
			defaultConfigurationName = Release;
		};
		966E153F1650E2D6006B7997 /* Build configuration list for PBXNativeTarget "CoreaAnimationTest" */ = {
			isa = XCConfigurationList;
			buildConfigurations = (
				966E15401650E2D6006B7997 /* Debug */,
				966E15411650E2D6006B7997 /* Release */,
			);
			defaultConfigurationIsVisible = 0;
		};
		966E15421650E2D6006B7997 /* Build configuration list for PBXNativeTarget "CoreaAnimationTestTests" */ = {
			isa = XCConfigurationList;
			buildConfigurations = (
				966E15431650E2D6006B7997 /* Debug */,
				966E15441650E2D6006B7997 /* Release */,
			);
			defaultConfigurationIsVisible = 0;
		};
/* End XCConfigurationList section */
	};
	rootObject = 966E15091650E2D6006B7997 /* Project object */;
}
